
Microsoft Visual Studio Solution File, Format Version 12.00
# Visual Studio 2013
VisualStudioVersion = 12.0.21005.1
MinimumVisualStudioVersion = 10.0.40219.1
Project("{FAE04EC0-301F-11D3-BF4B-00C04F79EFBC}") = "eSupport.ClassLibrary", "eSupport.Core\eSupport.ClassLibrary.csproj", "{BD98E668-8296-4002-9526-5543F0FEC2B6}"
EndProject
Project("{FAE04EC0-301F-11D3-BF4B-00C04F79EFBC}") = "eSupport.UI", "eSupport.UI\eSupport.UI.csproj", "{A3A444D2-2136-40B7-8C69-99A62282E06C}"
EndProject
Project("{FAE04EC0-301F-11D3-BF4B-00C04F79EFBC}") = "eSupport.Data", "eSupport.DAL\eSupport.Data.csproj", "{4C6346A9-3D47-4F75-90FD-7A72D65DEC9E}"
EndProject
Project("{FAE04EC0-301F-11D3-BF4B-00C04F79EFBC}") = "eSupport.Core", "eSupport.BL\eSupport.Core.csproj", "{A1FA7B5B-B952-4033-A2F0-3F0490C49D27}"
EndProject
Global
	GlobalSection(SolutionConfigurationPlatforms) = preSolution
		Debug|Any CPU = Debug|Any CPU
		Release|Any CPU = Release|Any CPU
	EndGlobalSection
	GlobalSection(ProjectConfigurationPlatforms) = postSolution
		{BD98E668-8296-4002-9526-5543F0FEC2B6}.Debug|Any CPU.ActiveCfg = Debug|Any CPU
		{BD98E668-8296-4002-9526-5543F0FEC2B6}.Debug|Any CPU.Build.0 = Debug|Any CPU
		{BD98E668-8296-4002-9526-5543F0FEC2B6}.Release|Any CPU.ActiveCfg = Release|Any CPU
		{BD98E668-8296-4002-9526-5543F0FEC2B6}.Release|Any CPU.Build.0 = Release|Any CPU
		{A3A444D2-2136-40B7-8C69-99A62282E06C}.Debug|Any CPU.ActiveCfg = Debug|Any CPU
		{A3A444D2-2136-40B7-8C69-99A62282E06C}.Debug|Any CPU.Build.0 = Debug|Any CPU
		{A3A444D2-2136-40B7-8C69-99A62282E06C}.Release|Any CPU.ActiveCfg = Release|Any CPU
		{A3A444D2-2136-40B7-8C69-99A62282E06C}.Release|Any CPU.Build.0 = Release|Any CPU
		{4C6346A9-3D47-4F75-90FD-7A72D65DEC9E}.Debug|Any CPU.ActiveCfg = Debug|Any CPU
		{4C6346A9-3D47-4F75-90FD-7A72D65DEC9E}.Debug|Any CPU.Build.0 = Debug|Any CPU
		{4C6346A9-3D47-4F75-90FD-7A72D65DEC9E}.Release|Any CPU.ActiveCfg = Release|Any CPU
		{4C6346A9-3D47-4F75-90FD-7A72D65DEC9E}.Release|Any CPU.Build.0 = Release|Any CPU
		{A1FA7B5B-B952-4033-A2F0-3F0490C49D27}.Debug|Any CPU.ActiveCfg = Debug|Any CPU
		{A1FA7B5B-B952-4033-A2F0-3F0490C49D27}.Debug|Any CPU.Build.0 = Debug|Any CPU
		{A1FA7B5B-B952-4033-A2F0-3F0490C49D27}.Release|Any CPU.ActiveCfg = Release|Any CPU
		{A1FA7B5B-B952-4033-A2F0-3F0490C49D27}.Release|Any CPU.Build.0 = Release|Any CPU
	EndGlobalSection
	GlobalSection(SolutionProperties) = preSolution
		HideSolutionNode = FALSE
	EndGlobalSection
EndGlobal
